
Microsoft Visual Studio Solution File, Format Version 12.00
# Visual Studio Version 17
VisualStudioVersion = 17.3.32922.545
MinimumVisualStudioVersion = 10.0.40219.1
Project("{9A19103F-16F7-4668-BE54-9A1E7A4F7556}") = "WebCoreAPI", "WebCoreAPI\WebCoreAPI.csproj", "{C7279323-BFEC-4352-8880-84B08DC39A21}"
EndProject
Project("{9A19103F-16F7-4668-BE54-9A1E7A4F7556}") = "FunctionTrigger", "FunctionTrigger\FunctionTrigger.csproj", "{1214811E-E9C9-40C6-9BDE-F7F020B9EAB7}"
EndProject
Project("{9A19103F-16F7-4668-BE54-9A1E7A4F7556}") = "BlobQuickstart", "BlobQuickstart\BlobQuickstart\BlobQuickstart.csproj", "{91F07F9F-065A-4F13-8A87-761CDD39D69D}"
EndProject
Project("{FAE04EC0-301F-11D3-BF4B-00C04F79EFBC}") = "FileUploadFunction", "FileUploadFunction\FileUploadFunction.csproj", "{67374B0B-2497-46E3-A338-74E53FD6314D}"
EndProject
Global
	GlobalSection(SolutionConfigurationPlatforms) = preSolution
		Debug|Any CPU = Debug|Any CPU
		Release|Any CPU = Release|Any CPU
	EndGlobalSection
	GlobalSection(ProjectConfigurationPlatforms) = postSolution
		{C7279323-BFEC-4352-8880-84B08DC39A21}.Debug|Any CPU.ActiveCfg = Debug|Any CPU
		{C7279323-BFEC-4352-8880-84B08DC39A21}.Debug|Any CPU.Build.0 = Debug|Any CPU
		{C7279323-BFEC-4352-8880-84B08DC39A21}.Release|Any CPU.ActiveCfg = Release|Any CPU
		{C7279323-BFEC-4352-8880-84B08DC39A21}.Release|Any CPU.Build.0 = Release|Any CPU
		{1214811E-E9C9-40C6-9BDE-F7F020B9EAB7}.Debug|Any CPU.ActiveCfg = Debug|Any CPU
		{1214811E-E9C9-40C6-9BDE-F7F020B9EAB7}.Debug|Any CPU.Build.0 = Debug|Any CPU
		{1214811E-E9C9-40C6-9BDE-F7F020B9EAB7}.Release|Any CPU.ActiveCfg = Release|Any CPU
		{1214811E-E9C9-40C6-9BDE-F7F020B9EAB7}.Release|Any CPU.Build.0 = Release|Any CPU
		{91F07F9F-065A-4F13-8A87-761CDD39D69D}.Debug|Any CPU.ActiveCfg = Debug|Any CPU
		{91F07F9F-065A-4F13-8A87-761CDD39D69D}.Debug|Any CPU.Build.0 = Debug|Any CPU
		{91F07F9F-065A-4F13-8A87-761CDD39D69D}.Release|Any CPU.ActiveCfg = Release|Any CPU
		{91F07F9F-065A-4F13-8A87-761CDD39D69D}.Release|Any CPU.Build.0 = Release|Any CPU
		{67374B0B-2497-46E3-A338-74E53FD6314D}.Debug|Any CPU.ActiveCfg = Debug|Any CPU
		{67374B0B-2497-46E3-A338-74E53FD6314D}.Debug|Any CPU.Build.0 = Debug|Any CPU
		{67374B0B-2497-46E3-A338-74E53FD6314D}.Release|Any CPU.ActiveCfg = Release|Any CPU
		{67374B0B-2497-46E3-A338-74E53FD6314D}.Release|Any CPU.Build.0 = Release|Any CPU
	EndGlobalSection
	GlobalSection(SolutionProperties) = preSolution
		HideSolutionNode = FALSE
	EndGlobalSection
	GlobalSection(ExtensibilityGlobals) = postSolution
		SolutionGuid = {BEA5A374-28FC-4CF5-B57A-4F466712078B}
	EndGlobalSection
EndGlobal
